
Microsoft Visual Studio Solution File, Format Version 12.00
# Visual Studio Version 17
VisualStudioVersion = 17.9.34728.123
MinimumVisualStudioVersion = 10.0.40219.1
Project("{FAE04EC0-301F-11D3-BF4B-00C04F79EFBC}") = "CrmForStudents", "CrmForStudents\CrmForStudents.csproj", "{8D83A499-4A96-40A9-BDAB-6CAD0E340970}"
EndProject
Global
	GlobalSection(SolutionConfigurationPlatforms) = preSolution
		Debug|Any CPU = Debug|Any CPU
		Release|Any CPU = Release|Any CPU
	EndGlobalSection
	GlobalSection(ProjectConfigurationPlatforms) = postSolution
		{8D83A499-4A96-40A9-BDAB-6CAD0E340970}.Debug|Any CPU.ActiveCfg = Debug|Any CPU
		{8D83A499-4A96-40A9-BDAB-6CAD0E340970}.Debug|Any CPU.Build.0 = Debug|Any CPU
		{8D83A499-4A96-40A9-BDAB-6CAD0E340970}.Release|Any CPU.ActiveCfg = Release|Any CPU
		{8D83A499-4A96-40A9-BDAB-6CAD0E340970}.Release|Any CPU.Build.0 = Release|Any CPU
	EndGlobalSection
	GlobalSection(SolutionProperties) = preSolution
		HideSolutionNode = FALSE
	EndGlobalSection
	GlobalSection(ExtensibilityGlobals) = postSolution
		SolutionGuid = {CD18121C-63B0-48E3-B00C-0FF596717B7D}
	EndGlobalSection
EndGlobal
